hash: 14610b9dd3984bb9ee6715c5508b8faafa8a4472d494636e4157f25354798e04
updated: 2018-02-27T18:57:16.165742707-08:00
imports:
- name: github.com/alecthomas/template
  version: a0175ee3bccc567396460bf5acd36800cb10c49c
  subpackages:
  - parse
- name: github.com/alecthomas/units
  version: 2efee857e7cfd4f3d0138cc3cbb1b4966962b93a
- name: github.com/deckarep/golang-set
  version: 1d4478f51bed434f1dadf96dcd9b43aabac66795
- name: github.com/fatih/color
  version: 507f6050b8568533fb3f5504de8e5205fa62a114
- name: github.com/mattn/go-colorable
  version: 7dc3415be66d7cc68bf0182f35c8d31f8d2ad8a7
- name: github.com/mattn/go-isatty
  version: 6ca4dbf54d38eea1a992b3c722a76a5d1c4cb25c
- name: github.com/Sirupsen/logrus
  version: d682213848ed68c0a260ca37d6dd5ace8423f5ba
- name: golang.org/x/crypto
  version: 650f4a345ab4e5b245a3034b110ebc7299e68186
  subpackages:
  - ssh/terminal
- name: golang.org/x/sys
  version: 37707fdb30a5b38865cfb95e5aab41707daec7fd
  subpackages:
  - unix
  - windows
- name: gopkg.in/alecthomas/kingpin.v2
  version: 947dcec5ba9c011838740e680966fd7087a71d0d
testImports:
- name: github.com/davecgh/go-spew
  version: 346938d642f2ec3594ed81d874461961cd0faa76
  subpackages:
  - spew
- name: github.com/pmezard/go-difflib
  version: 792786c7400a136282c1664665ae0a8db921c6c2
  subpackages:
  - difflib
- name: github.com/stretchr/testify
  version: 12b6f73e6084dad08a7c6e575284b177ecafbc71
  subpackages:
  - assert
  - require
